
Microsoft Visual Studio Solution File, Format Version 12.00
# Blend for Visual Studio Version 16
VisualStudioVersion = 16.0.30907.101
MinimumVisualStudioVersion = 10.0.40219.1
Project("{FAE04EC0-301F-11D3-BF4B-00C04F79EFBC}") = "File Unlock", "File Unlock\File Unlock.csproj", "{B29290B0-6C48-4E0B-986D-72B6074FC8A3}"
EndProject
Global
	GlobalSection(SolutionConfigurationPlatforms) = preSolution
		Debug|Any CPU = Debug|Any CPU
		Release|Any CPU = Release|Any CPU
	EndGlobalSection
	GlobalSection(ProjectConfigurationPlatforms) = postSolution
		{B29290B0-6C48-4E0B-986D-72B6074FC8A3}.Debug|Any CPU.ActiveCfg = Debug|Any CPU
		{B29290B0-6C48-4E0B-986D-72B6074FC8A3}.Debug|Any CPU.Build.0 = Debug|Any CPU
		{B29290B0-6C48-4E0B-986D-72B6074FC8A3}.Release|Any CPU.ActiveCfg = Release|Any CPU
		{B29290B0-6C48-4E0B-986D-72B6074FC8A3}.Release|Any CPU.Build.0 = Release|Any CPU
	EndGlobalSection
	GlobalSection(SolutionProperties) = preSolution
		HideSolutionNode = FALSE
	EndGlobalSection
	GlobalSection(ExtensibilityGlobals) = postSolution
		SolutionGuid = {BB77C959-D6A6-4BA2-8B90-6436B56EA157}
	EndGlobalSection
EndGlobal
